
Microsoft Visual Studio Solution File, Format Version 12.00
# Visual Studio Version 17
VisualStudioVersion = 17.5.33424.131
MinimumVisualStudioVersion = 10.0.40219.1
Project("{FAE04EC0-301F-11D3-BF4B-00C04F79EFBC}") = "UserManagementWithidentity", "UserManagementWithidentity\UserManagementWithidentity.csproj", "{DF8C96F8-80A5-45D9-9A49-BDE479CA0370}"
EndProject
Global
	GlobalSection(SolutionConfigurationPlatforms) = preSolution
		Debug|Any CPU = Debug|Any CPU
		Release|Any CPU = Release|Any CPU
	EndGlobalSection
	GlobalSection(ProjectConfigurationPlatforms) = postSolution
		{DF8C96F8-80A5-45D9-9A49-BDE479CA0370}.Debug|Any CPU.ActiveCfg = Debug|Any CPU
		{DF8C96F8-80A5-45D9-9A49-BDE479CA0370}.Debug|Any CPU.Build.0 = Debug|Any CPU
		{DF8C96F8-80A5-45D9-9A49-BDE479CA0370}.Release|Any CPU.ActiveCfg = Release|Any CPU
		{DF8C96F8-80A5-45D9-9A49-BDE479CA0370}.Release|Any CPU.Build.0 = Release|Any CPU
	EndGlobalSection
	GlobalSection(SolutionProperties) = preSolution
		HideSolutionNode = FALSE
	EndGlobalSection
	GlobalSection(ExtensibilityGlobals) = postSolution
		SolutionGuid = {99F5C557-91F3-4C6A-AF52-050B321FE6CA}
	EndGlobalSection
EndGlobal
